
Microsoft Visual Studio Solution File, Format Version 12.00
# Visual Studio 15
VisualStudioVersion = 15.0.28307.168
MinimumVisualStudioVersion = 10.0.40219.1
Project("{FAE04EC0-301F-11D3-BF4B-00C04F79EFBC}") = "SerialPlotting", "SerialPlotting\SerialPlotting.csproj", "{312F0CCC-0CA8-4052-B866-E9249FD2E4DB}"
EndProject
Global
	GlobalSection(SolutionConfigurationPlatforms) = preSolution
		Debug|Any CPU = Debug|Any CPU
		Release|Any CPU = Release|Any CPU
	EndGlobalSection
	GlobalSection(ProjectConfigurationPlatforms) = postSolution
		{312F0CCC-0CA8-4052-B866-E9249FD2E4DB}.Debug|Any CPU.ActiveCfg = Debug|Any CPU
		{312F0CCC-0CA8-4052-B866-E9249FD2E4DB}.Debug|Any CPU.Build.0 = Debug|Any CPU
		{312F0CCC-0CA8-4052-B866-E9249FD2E4DB}.Release|Any CPU.ActiveCfg = Release|Any CPU
		{312F0CCC-0CA8-4052-B866-E9249FD2E4DB}.Release|Any CPU.Build.0 = Release|Any CPU
	EndGlobalSection
	GlobalSection(SolutionProperties) = preSolution
		HideSolutionNode = FALSE
	EndGlobalSection
	GlobalSection(ExtensibilityGlobals) = postSolution
		SolutionGuid = {9FCD2DF8-CD5D-4E44-84CE-C19BCD9128E3}
	EndGlobalSection
EndGlobal
